{
  "name": "klebergarciaalcatrao",
  "lockfileVersion": 3,
  "requires": true,
  "packages": {
    "": {
      "devDependencies": {
        "@types/node": "^25.7.0",
        "@types/react": "^19.2.14",
        "@types/stripe": "^8.0.416",
        "typescript": "^6.0.3"
      }
    },
    "node_modules/@types/node": {
      "version": "25.7.0",
      "resolved": "https://registry.npmjs.org/@types/node/-/node-25.7.0.tgz",
      "integrity": "sha512-z+pdZyxE+RTQE9AcboAZCb4otwcrvgHD+GlBpPgn0emDVt0ohrTMhAwlr2Wd9nZ+nihhYFxO2pThz3C5qSu2Eg==",
      "dev": true,
      "license": "MIT",
      "dependencies": {
        "undici-types": "~7.21.0"
      }
    },
    "node_modules/@types/react": {
      "version": "19.2.14",
      "resolved": "https://registry.npmjs.org/@types/react/-/react-19.2.14.tgz",
      "integrity": "sha512-ilcTH/UniCkMdtexkoCN0bI7pMcJDvmQFPvuPvmEaYA/NSfFTAgdUSLAoVjaRJm7+6PvcM+q1zYOwS4wTYMF9w==",
      "dev": true,
      "license": "MIT",
      "dependencies": {
        "csstype": "^3.2.2"
      }
    },
    "node_modules/@types/stripe": {
      "version": "8.0.416",
      "resolved": "https://registry.npmjs.org/@types/stripe/-/stripe-8.0.416.tgz",
      "integrity": "sha512-LDA574j7g30dg4R+SI1JIpkS+rkIuXgbe6+/qlf62avd7ZNntbbl2DYZwAIj9CfJYVh7FG/PLeoNB5OXTsEehg==",
      "dev": true,
      "license": "MIT",
      "dependencies": {
        "stripe": "*"
      }
    },
    "node_modules/csstype": {
      "version": "3.2.3",
      "resolved": "https://registry.npmjs.org/csstype/-/csstype-3.2.3.tgz",
      "integrity": "sha512-z1HGKcYy2xA8AGQfwrn0PAy+PB7X/GSj3UVJW9qKyn43xWa+gl5nXmU4qqLMRzWVLFC8KusUX8T/0kCiOYpAIQ==",
      "dev": true,
      "license": "MIT"
    },
    "node_modules/stripe": {
      "version": "22.1.1",
      "resolved": "https://registry.npmjs.org/stripe/-/stripe-22.1.1.tgz",
      "integrity": "sha512-cmodIYP27tBkJ8G7DuGgWw0PFuemlFZbuF3Wwr1TrjFjUa3T7NIgCe6TVwX8BO2ynu+xtTuDGfHafNDCPt9lXA==",
      "dev": true,
      "license": "MIT",
      "engines": {
        "node": ">=18"
      },
      "peerDependencies": {
        "@types/node": ">=18"
      },
      "peerDependenciesMeta": {
        "@types/node": {
          "optional": true
        }
      }
    },
    "node_modules/typescript": {
      "version": "6.0.3",
      "resolved": "https://registry.npmjs.org/typescript/-/typescript-6.0.3.tgz",
      "integrity": "sha512-y2TvuxSZPDyQakkFRPZHKFm+KKVqIisdg9/CZwm9ftvKXLP8NRWj38/ODjNbr43SsoXqNuAisEf1GdCxqWcdBw==",
      "dev": true,
      "license": "Apache-2.0",
      "bin": {
        "tsc": "bin/tsc",
        "tsserver": "bin/tsserver"
      },
      "engines": {
        "node": ">=14.17"
      }
    },
    "node_modules/undici-types": {
      "version": "7.21.0",
      "resolved": "https://registry.npmjs.org/undici-types/-/undici-types-7.21.0.tgz",
      "integrity": "sha512-w9IMgQrz4O0YN1LtB7K5P63vhlIOvC7opSmouCJ+ZywlPAlO9gIkJ+otk6LvGpAs2wg4econaCz3TvQ9xPoyuQ==",
      "dev": true,
      "license": "MIT"
    }
  }
}
